
Microsoft Visual Studio Solution File, Format Version 12.00
# Visual Studio 14
VisualStudioVersion = 14.0.25420.1
MinimumVisualStudioVersion = 10.0.40219.1
Project("{FAE04EC0-301F-11D3-BF4B-00C04F79EFBC}") = "Practice.Unity.HelloWorld", "Practice.Unity.HelloWorld\Practice.Unity.HelloWorld.csproj", "{C2186717-E5D3-4BD9-84BB-983A098FFD25}"
EndProject
Project("{FAE04EC0-301F-11D3-BF4B-00C04F79EFBC}") = "Practice.Unity", "Practice.Unity\Practice.Unity.csproj", "{AF01DD65-51B1-493A-B26D-8730E0AC9CC1}"
EndProject
Project("{FAE04EC0-301F-11D3-BF4B-00C04F79EFBC}") = "Practice.Unity.Sender", "Practice.Unity.Sender\Practice.Unity.Sender.csproj", "{1523E444-691B-4E6A-8C3D-92A26440D4CE}"
EndProject
Project("{FAE04EC0-301F-11D3-BF4B-00C04F79EFBC}") = "Practice.Unity.Calculator", "Practice.Unity.Calculator\Practice.Unity.Calculator.csproj", "{3260616F-4E76-4BFC-B265-9DF5A2774446}"
EndProject
Project("{FAE04EC0-301F-11D3-BF4B-00C04F79EFBC}") = "Practice.Unity.Ioc", "Practice.Unity.Ioc\Practice.Unity.Ioc.csproj", "{463C641F-2757-4535-838E-BBDEA8BBA3C3}"
EndProject
Global
	GlobalSection(SolutionConfigurationPlatforms) = preSolution
		Debug|Any CPU = Debug|Any CPU
		Release|Any CPU = Release|Any CPU
	EndGlobalSection
	GlobalSection(ProjectConfigurationPlatforms) = postSolution
		{C2186717-E5D3-4BD9-84BB-983A098FFD25}.Debug|Any CPU.ActiveCfg = Debug|Any CPU
		{C2186717-E5D3-4BD9-84BB-983A098FFD25}.Debug|Any CPU.Build.0 = Debug|Any CPU
		{C2186717-E5D3-4BD9-84BB-983A098FFD25}.Release|Any CPU.ActiveCfg = Release|Any CPU
		{C2186717-E5D3-4BD9-84BB-983A098FFD25}.Release|Any CPU.Build.0 = Release|Any CPU
		{AF01DD65-51B1-493A-B26D-8730E0AC9CC1}.Debug|Any CPU.ActiveCfg = Debug|Any CPU
		{AF01DD65-51B1-493A-B26D-8730E0AC9CC1}.Debug|Any CPU.Build.0 = Debug|Any CPU
		{AF01DD65-51B1-493A-B26D-8730E0AC9CC1}.Release|Any CPU.ActiveCfg = Release|Any CPU
		{AF01DD65-51B1-493A-B26D-8730E0AC9CC1}.Release|Any CPU.Build.0 = Release|Any CPU
		{1523E444-691B-4E6A-8C3D-92A26440D4CE}.Debug|Any CPU.ActiveCfg = Debug|Any CPU
		{1523E444-691B-4E6A-8C3D-92A26440D4CE}.Debug|Any CPU.Build.0 = Debug|Any CPU
		{1523E444-691B-4E6A-8C3D-92A26440D4CE}.Release|Any CPU.ActiveCfg = Release|Any CPU
		{1523E444-691B-4E6A-8C3D-92A26440D4CE}.Release|Any CPU.Build.0 = Release|Any CPU
		{3260616F-4E76-4BFC-B265-9DF5A2774446}.Debug|Any CPU.ActiveCfg = Debug|Any CPU
		{3260616F-4E76-4BFC-B265-9DF5A2774446}.Debug|Any CPU.Build.0 = Debug|Any CPU
		{3260616F-4E76-4BFC-B265-9DF5A2774446}.Release|Any CPU.ActiveCfg = Release|Any CPU
		{3260616F-4E76-4BFC-B265-9DF5A2774446}.Release|Any CPU.Build.0 = Release|Any CPU
		{463C641F-2757-4535-838E-BBDEA8BBA3C3}.Debug|Any CPU.ActiveCfg = Debug|Any CPU
		{463C641F-2757-4535-838E-BBDEA8BBA3C3}.Debug|Any CPU.Build.0 = Debug|Any CPU
		{463C641F-2757-4535-838E-BBDEA8BBA3C3}.Release|Any CPU.ActiveCfg = Release|Any CPU
		{463C641F-2757-4535-838E-BBDEA8BBA3C3}.Release|Any CPU.Build.0 = Release|Any CPU
	EndGlobalSection
	GlobalSection(SolutionProperties) = preSolution
		HideSolutionNode = FALSE
	EndGlobalSection
EndGlobal
